{
  "requires": true,
  "lockfileVersion": 1,
  "dependencies": {
    "preboot": {
      "version": "6.0.0-beta.6",
      "resolved": "https://registry.npmjs.org/preboot/-/preboot-6.0.0-beta.6.tgz",
      "integrity": "sha512-//4VyXan4HxhWSVZF3+YdhbFJv9HT2aaQrL4DYzHTTbt4PFntZTsozh3vT7h4wZmNqLxJL8ndq692PfmPfwOuQ=="
    }
  }
}
